
Microsoft Visual Studio Solution File, Format Version 12.00
# Visual Studio Version 17
VisualStudioVersion = 17.14.36301.6 d17.14
MinimumVisualStudioVersion = 10.0.40219.1
Project("{FAE04EC0-301F-11D3-BF4B-00C04F79EFBC}") = "Revisao-1", "Revisao-1.csproj", "{2B8A24C1-39D4-42C0-9850-1B91104B9951}"
EndProject
Global
	GlobalSection(SolutionConfigurationPlatforms) = preSolution
		Debug|Any CPU = Debug|Any CPU
		Release|Any CPU = Release|Any CPU
	EndGlobalSection
	GlobalSection(ProjectConfigurationPlatforms) = postSolution
		{2B8A24C1-39D4-42C0-9850-1B91104B9951}.Debug|Any CPU.ActiveCfg = Debug|Any CPU
		{2B8A24C1-39D4-42C0-9850-1B91104B9951}.Debug|Any CPU.Build.0 = Debug|Any CPU
		{2B8A24C1-39D4-42C0-9850-1B91104B9951}.Release|Any CPU.ActiveCfg = Release|Any CPU
		{2B8A24C1-39D4-42C0-9850-1B91104B9951}.Release|Any CPU.Build.0 = Release|Any CPU
	EndGlobalSection
	GlobalSection(SolutionProperties) = preSolution
		HideSolutionNode = FALSE
	EndGlobalSection
	GlobalSection(ExtensibilityGlobals) = postSolution
		SolutionGuid = {40FF8D30-D4E7-4570-A298-A475A6A48980}
	EndGlobalSection
EndGlobal
